
Microsoft Visual Studio Solution File, Format Version 12.00
# Visual Studio Version 16
VisualStudioVersion = 16.0.29728.190
MinimumVisualStudioVersion = 10.0.40219.1
Project("{FAE04EC0-301F-11D3-BF4B-00C04F79EFBC}") = "Translate", "Translate\Translate.csproj", "{43798FF7-3E87-4964-A996-467E8FCC475A}"
EndProject
Global
	GlobalSection(SolutionConfigurationPlatforms) = preSolution
		Debug|Any CPU = Debug|Any CPU
		Release|Any CPU = Release|Any CPU
	EndGlobalSection
	GlobalSection(ProjectConfigurationPlatforms) = postSolution
		{43798FF7-3E87-4964-A996-467E8FCC475A}.Debug|Any CPU.ActiveCfg = Debug|Any CPU
		{43798FF7-3E87-4964-A996-467E8FCC475A}.Debug|Any CPU.Build.0 = Debug|Any CPU
		{43798FF7-3E87-4964-A996-467E8FCC475A}.Release|Any CPU.ActiveCfg = Release|Any CPU
		{43798FF7-3E87-4964-A996-467E8FCC475A}.Release|Any CPU.Build.0 = Release|Any CPU
	EndGlobalSection
	GlobalSection(SolutionProperties) = preSolution
		HideSolutionNode = FALSE
	EndGlobalSection
	GlobalSection(ExtensibilityGlobals) = postSolution
		SolutionGuid = {336319A7-2CB5-4D7C-B1B0-79D7B1426B15}
	EndGlobalSection
EndGlobal
